
Microsoft Visual Studio Solution File, Format Version 12.00
# Visual Studio 2012
Project("{FAE04EC0-301F-11D3-BF4B-00C04F79EFBC}") = "GitMS", "GitMS\GitMS.csproj", "{68B4B291-42F4-4B11-9A49-3C584BAEEFAE}"
EndProject
Global
	GlobalSection(SolutionConfigurationPlatforms) = preSolution
		Debug|Any CPU = Debug|Any CPU
		Release|Any CPU = Release|Any CPU
	EndGlobalSection
	GlobalSection(ProjectConfigurationPlatforms) = postSolution
		{68B4B291-42F4-4B11-9A49-3C584BAEEFAE}.Debug|Any CPU.ActiveCfg = Debug|Any CPU
		{68B4B291-42F4-4B11-9A49-3C584BAEEFAE}.Debug|Any CPU.Build.0 = Debug|Any CPU
		{68B4B291-42F4-4B11-9A49-3C584BAEEFAE}.Release|Any CPU.ActiveCfg = Release|Any CPU
		{68B4B291-42F4-4B11-9A49-3C584BAEEFAE}.Release|Any CPU.Build.0 = Release|Any CPU
	EndGlobalSection
	GlobalSection(SolutionProperties) = preSolution
		HideSolutionNode = FALSE
	EndGlobalSection
EndGlobal
